
Microsoft Visual Studio Solution File, Format Version 12.00
# Visual Studio Version 16
VisualStudioVersion = 16.0.30503.244
MinimumVisualStudioVersion = 10.0.40219.1
Project("{FAE04EC0-301F-11D3-BF4B-00C04F79EFBC}") = "WCFProducts", "WCFProducts.csproj", "{8D0E7453-2111-459D-9DFE-7136E26DA591}"
EndProject
Project("{FAE04EC0-301F-11D3-BF4B-00C04F79EFBC}") = "WCFProducts.Data", "..\WCFProducts.Data\WCFProducts.Data.csproj", "{0A77353B-11B1-4FA7-9C9E-6396144926F8}"
EndProject
Project("{00D1A9C2-B5F0-4AF3-8072-F6C62B433612}") = "WCFProducts.Database", "..\WCFProducts.Database\WCFProducts.Database.sqlproj", "{8E6DE4B7-9AF8-4AA1-BFE5-D23EC6DE7380}"
EndProject
Global
	GlobalSection(SolutionConfigurationPlatforms) = preSolution
		Debug|Any CPU = Debug|Any CPU
		Release|Any CPU = Release|Any CPU
	EndGlobalSection
	GlobalSection(ProjectConfigurationPlatforms) = postSolution
		{8D0E7453-2111-459D-9DFE-7136E26DA591}.Debug|Any CPU.ActiveCfg = Debug|Any CPU
		{8D0E7453-2111-459D-9DFE-7136E26DA591}.Debug|Any CPU.Build.0 = Debug|Any CPU
		{8D0E7453-2111-459D-9DFE-7136E26DA591}.Release|Any CPU.ActiveCfg = Release|Any CPU
		{8D0E7453-2111-459D-9DFE-7136E26DA591}.Release|Any CPU.Build.0 = Release|Any CPU
		{0A77353B-11B1-4FA7-9C9E-6396144926F8}.Debug|Any CPU.ActiveCfg = Debug|Any CPU
		{0A77353B-11B1-4FA7-9C9E-6396144926F8}.Debug|Any CPU.Build.0 = Debug|Any CPU
		{0A77353B-11B1-4FA7-9C9E-6396144926F8}.Release|Any CPU.ActiveCfg = Release|Any CPU
		{0A77353B-11B1-4FA7-9C9E-6396144926F8}.Release|Any CPU.Build.0 = Release|Any CPU
		{8E6DE4B7-9AF8-4AA1-BFE5-D23EC6DE7380}.Debug|Any CPU.ActiveCfg = Debug|Any CPU
		{8E6DE4B7-9AF8-4AA1-BFE5-D23EC6DE7380}.Debug|Any CPU.Build.0 = Debug|Any CPU
		{8E6DE4B7-9AF8-4AA1-BFE5-D23EC6DE7380}.Debug|Any CPU.Deploy.0 = Debug|Any CPU
		{8E6DE4B7-9AF8-4AA1-BFE5-D23EC6DE7380}.Release|Any CPU.ActiveCfg = Release|Any CPU
		{8E6DE4B7-9AF8-4AA1-BFE5-D23EC6DE7380}.Release|Any CPU.Build.0 = Release|Any CPU
		{8E6DE4B7-9AF8-4AA1-BFE5-D23EC6DE7380}.Release|Any CPU.Deploy.0 = Release|Any CPU
	EndGlobalSection
	GlobalSection(SolutionProperties) = preSolution
		HideSolutionNode = FALSE
	EndGlobalSection
	GlobalSection(ExtensibilityGlobals) = postSolution
		SolutionGuid = {19AD0E96-4B03-4D06-BAD7-477B6162AC00}
	EndGlobalSection
EndGlobal
